PODS:
  - Bolts (1.2.0):
    - Bolts/AppLinks (= 1.2.0)
    - Bolts/Tasks (= 1.2.0)
  - Bolts/AppLinks (1.2.0):
    - Bolts/Tasks
  - Bolts/Tasks (1.2.0)
  - Facebook-iOS-SDK (3.23.2):
    - Bolts (~> 1.0)
  - Parse (1.8.0):
    - Bolts/Tasks (>= 1.2.0)
  - ParseFacebookUtils (1.8.0.1):
    - Bolts/Tasks (>= 1.2.0)
    - Facebook-iOS-SDK (~> 3.23)
    - Parse (~> 1.8.0)

DEPENDENCIES:
  - Facebook-iOS-SDK
  - Parse
  - ParseFacebookUtils

SPEC CHECKSUMS:
  Bolts: d176cb1e0012175589e389a9db49b85e27787576
  Facebook-iOS-SDK: cd87f0b2f0c1d9574b44e8fa2baacc275524bac3
  Parse: 6ea05adb378fbfd6f8726ab67ef74330d96fc903
  ParseFacebookUtils: 5a4b02d12aa75a69ff02d7386c982b9dfef8279e

COCOAPODS: 0.38.2
